
Microsoft Visual Studio Solution File, Format Version 12.00
# Visual Studio 15
Project("{FAE04EC0-301F-11D3-BF4B-00C04F79EFBC}") = "Unity.RenderPipelines.Core.Runtime", "Unity.RenderPipelines.Core.Runtime.csproj", "{3FC30BA1-D3A8-A801-F688-8EBBF28DEF7A}"
EndProject
Project("{FAE04EC0-301F-11D3-BF4B-00C04F79EFBC}") = "UnityEngine.TestRunner", "UnityEngine.TestRunner.csproj", "{6116B248-C341-1E58-591E-BBD793973BAD}"
EndProject
Project("{FAE04EC0-301F-11D3-BF4B-00C04F79EFBC}") = "Unity.InputSystem", "Unity.InputSystem.csproj", "{D04ED1CB-7FE3-54EE-1562-BBA4C5113D0B}"
EndProject
Project("{FAE04EC0-301F-11D3-BF4B-00C04F79EFBC}") = "Unity.RenderPipelines.HighDefinition.Runtime", "Unity.RenderPipelines.HighDefinition.Runtime.csproj", "{3847B154-9186-54CB-83F2-A32DC0C17EB1}"
EndProject
Project("{FAE04EC0-301F-11D3-BF4B-00C04F79EFBC}") = "Assembly-CSharp", "Assembly-CSharp.csproj", "{F7D248CE-A81C-7A85-A58A-C608EA538C6D}"
EndProject
Project("{FAE04EC0-301F-11D3-BF4B-00C04F79EFBC}") = "UnityEngine.XR.LegacyInputHelpers", "UnityEngine.XR.LegacyInputHelpers.csproj", "{BF996CF1-D189-244F-E254-4A7914898263}"
EndProject
Project("{FAE04EC0-301F-11D3-BF4B-00C04F79EFBC}") = "Unity.XR.Interaction.Toolkit", "Unity.XR.Interaction.Toolkit.csproj", "{2AC4A997-3467-F674-432F-FFB6FD757968}"
EndProject
Project("{FAE04EC0-301F-11D3-BF4B-00C04F79EFBC}") = "Unity.TextMeshPro", "Unity.TextMeshPro.csproj", "{99ABDC05-B7E6-5DE9-818D-357B331B8B17}"
EndProject
Project("{FAE04EC0-301F-11D3-BF4B-00C04F79EFBC}") = "Unity.VisualEffectGraph.Runtime", "Unity.VisualEffectGraph.Runtime.csproj", "{20F105B8-9A3F-832C-2AC6-C8674D235BB8}"
EndProject
Project("{FAE04EC0-301F-11D3-BF4B-00C04F79EFBC}") = "Unity.Timeline", "Unity.Timeline.csproj", "{7B076E34-9DA7-DEEB-F7C9-9F052324C0C2}"
EndProject
Project("{FAE04EC0-301F-11D3-BF4B-00C04F79EFBC}") = "Unity.XR.CoreUtils", "Unity.XR.CoreUtils.csproj", "{A8FD74CF-A381-6E97-7464-CC187D09DE61}"
EndProject
Project("{FAE04EC0-301F-11D3-BF4B-00C04F79EFBC}") = "Unity.XR.OpenXR", "Unity.XR.OpenXR.csproj", "{98735449-CBC2-C2BF-E1BB-ED26C5CBFFD4}"
EndProject
Project("{FAE04EC0-301F-11D3-BF4B-00C04F79EFBC}") = "Unity.XR.Management", "Unity.XR.Management.csproj", "{66C379FC-4A0E-F3EE-9A11-19191B7F6C89}"
EndProject
Project("{FAE04EC0-301F-11D3-BF4B-00C04F79EFBC}") = "Unity.RenderPipelines.Core.ShaderLibrary", "Unity.RenderPipelines.Core.ShaderLibrary.csproj", "{61783B6A-F417-6C54-92A5-0CE395226F0B}"
EndProject
Project("{FAE04EC0-301F-11D3-BF4B-00C04F79EFBC}") = "Unity.XR.OpenXR.Features.RuntimeDebugger", "Unity.XR.OpenXR.Features.RuntimeDebugger.csproj", "{DF7A8DE3-9C2D-BA90-7CB8-9D1D236272DF}"
EndProject
Project("{FAE04EC0-301F-11D3-BF4B-00C04F79EFBC}") = "UnityEngine.SpatialTracking", "UnityEngine.SpatialTracking.csproj", "{BE80DAB5-E5FF-DFFC-FF7A-05BF6D2B1AF3}"
EndProject
Project("{FAE04EC0-301F-11D3-BF4B-00C04F79EFBC}") = "Unity.XR.OpenXR.Features.ConformanceAutomation", "Unity.XR.OpenXR.Features.ConformanceAutomation.csproj", "{46EC957B-FCD6-DCC8-69C2-0C895DA867C5}"
EndProject
Project("{FAE04EC0-301F-11D3-BF4B-00C04F79EFBC}") = "Unity.XR.OpenXR.Features.MockRuntime", "Unity.XR.OpenXR.Features.MockRuntime.csproj", "{F92D0394-058D-9F06-AAA3-8AC7B22B90CB}"
EndProject
Project("{FAE04EC0-301F-11D3-BF4B-00C04F79EFBC}") = "Unity.Subsystem.Registration", "Unity.Subsystem.Registration.csproj", "{9C2C4AE4-AC39-F3EF-80AC-7D25BA45C0E5}"
EndProject
Project("{FAE04EC0-301F-11D3-BF4B-00C04F79EFBC}") = "Unity.RenderPipelines.ShaderGraph.ShaderGraphLibrary", "Unity.RenderPipelines.ShaderGraph.ShaderGraphLibrary.csproj", "{2CEDF56F-5B88-4D8D-1279-9925D200CC6F}"
EndProject
Project("{FAE04EC0-301F-11D3-BF4B-00C04F79EFBC}") = "Unity.RenderPipelines.HighDefinition.Config.Runtime", "Unity.RenderPipelines.HighDefinition.Config.Runtime.csproj", "{DAB66597-4CA9-AD66-5143-4832A4FD3535}"
EndProject
Project("{FAE04EC0-301F-11D3-BF4B-00C04F79EFBC}") = "Unity.XR.OpenXR.Features.OculusQuestSupport", "Unity.XR.OpenXR.Features.OculusQuestSupport.csproj", "{5E8D7ADC-20C1-ECB7-0DF5-A4CB1E3BEC5D}"
EndProject
Project("{FAE04EC0-301F-11D3-BF4B-00C04F79EFBC}") = "Unity.XR.Interaction.Toolkit.Editor", "Unity.XR.Interaction.Toolkit.Editor.csproj", "{EF9B321D-8C47-E5D8-7850-B2DBEB20F1AF}"
EndProject
Project("{FAE04EC0-301F-11D3-BF4B-00C04F79EFBC}") = "Unity.VisualEffectGraph.Editor", "Unity.VisualEffectGraph.Editor.csproj", "{182FD343-FBA6-008F-7D36-04F086CAA59F}"
EndProject
Project("{FAE04EC0-301F-11D3-BF4B-00C04F79EFBC}") = "Unity.PlasticSCM.Editor", "Unity.PlasticSCM.Editor.csproj", "{DC31E110-0F08-0403-F477-7B11D278E509}"
EndProject
Project("{FAE04EC0-301F-11D3-BF4B-00C04F79EFBC}") = "Unity.RenderPipelines.HighDefinition.Editor", "Unity.RenderPipelines.HighDefinition.Editor.csproj", "{75E85A66-4B19-4C6E-4E55-FFCA0B4C467F}"
EndProject
Project("{FAE04EC0-301F-11D3-BF4B-00C04F79EFBC}") = "Unity.ShaderGraph.Editor", "Unity.ShaderGraph.Editor.csproj", "{18E667DA-E363-EB95-D251-B97942DFD8A1}"
EndProject
Project("{FAE04EC0-301F-11D3-BF4B-00C04F79EFBC}") = "Unity.XR.OpenXR.Editor", "Unity.XR.OpenXR.Editor.csproj", "{B13E8077-380E-9BBA-F8E6-B735639DF82E}"
EndProject
Project("{FAE04EC0-301F-11D3-BF4B-00C04F79EFBC}") = "Unity.VisualStudio.Editor", "Unity.VisualStudio.Editor.csproj", "{69BCF87D-8EAB-0474-60E2-94180942B33E}"
EndProject
Project("{FAE04EC0-301F-11D3-BF4B-00C04F79EFBC}") = "Unity.Timeline.Editor", "Unity.Timeline.Editor.csproj", "{1427A2AD-1E72-92FC-E8A5-10341C8134FC}"
EndProject
Project("{FAE04EC0-301F-11D3-BF4B-00C04F79EFBC}") = "Unity.TextMeshPro.Editor", "Unity.TextMeshPro.Editor.csproj", "{FD3EA31D-36B5-2096-2B51-1B47B3617AAF}"
EndProject
Project("{FAE04EC0-301F-11D3-BF4B-00C04F79EFBC}") = "Unity.CollabProxy.Editor", "Unity.CollabProxy.Editor.csproj", "{744441B5-9832-3091-1E2E-08502F0EDE47}"
EndProject
Project("{FAE04EC0-301F-11D3-BF4B-00C04F79EFBC}") = "UnityEditor.TestRunner", "UnityEditor.TestRunner.csproj", "{923D09BF-BC0C-9D41-A9BC-D36E73870EC4}"
EndProject
Project("{FAE04EC0-301F-11D3-BF4B-00C04F79EFBC}") = "Unity.Rider.Editor", "Unity.Rider.Editor.csproj", "{19F30E28-AB53-9B81-A737-5D54CDCDDA6E}"
EndProject
Project("{FAE04EC0-301F-11D3-BF4B-00C04F79EFBC}") = "Unity.Services.Core.Editor", "Unity.Services.Core.Editor.csproj", "{0B1D8E9C-74A5-560A-11D0-6704A97117F7}"
EndProject
Project("{FAE04EC0-301F-11D3-BF4B-00C04F79EFBC}") = "Unity.XR.CoreUtils.Editor", "Unity.XR.CoreUtils.Editor.csproj", "{2C119642-F103-EF04-DB82-132152A7858B}"
EndProject
Project("{FAE04EC0-301F-11D3-BF4B-00C04F79EFBC}") = "Unity.RenderPipelines.Core.Editor", "Unity.RenderPipelines.Core.Editor.csproj", "{F0BDB600-DA3D-6260-245C-92AD67CC54C6}"
EndProject
Project("{FAE04EC0-301F-11D3-BF4B-00C04F79EFBC}") = "Unity.Searcher.Editor", "Unity.Searcher.Editor.csproj", "{805EC22A-4B08-1AE8-E8B6-7768471B1D0E}"
EndProject
Project("{FAE04EC0-301F-11D3-BF4B-00C04F79EFBC}") = "Unity.XR.Management.Editor", "Unity.XR.Management.Editor.csproj", "{7542956D-5A91-52B2-37B2-A5D95D02F64A}"
EndProject
Project("{FAE04EC0-301F-11D3-BF4B-00C04F79EFBC}") = "Unity.VSCode.Editor", "Unity.VSCode.Editor.csproj", "{4B6BC97D-ED3D-CB99-ADB9-58E8F6E2C22F}"
EndProject
Project("{FAE04EC0-301F-11D3-BF4B-00C04F79EFBC}") = "UnityEditor.SpatialTracking", "UnityEditor.SpatialTracking.csproj", "{972A1BA8-9EA4-3339-921E-F33CF8DF0BCD}"
EndProject
Project("{FAE04EC0-301F-11D3-BF4B-00C04F79EFBC}") = "Assembly-CSharp-Editor", "Assembly-CSharp-Editor.csproj", "{64F875FE-58CA-07A3-DA41-9DF6D1A52B33}"
EndProject
Project("{FAE04EC0-301F-11D3-BF4B-00C04F79EFBC}") = "UnityEditor.XR.LegacyInputHelpers", "UnityEditor.XR.LegacyInputHelpers.csproj", "{BB2F73B0-3235-6A38-0C6B-1A5637A6C6F6}"
EndProject
Project("{FAE04EC0-301F-11D3-BF4B-00C04F79EFBC}") = "Unity.XR.OpenXR.Features.RuntimeDebugger.Editor", "Unity.XR.OpenXR.Features.RuntimeDebugger.Editor.csproj", "{9A328FA5-DE9F-3CD8-E7A2-0A1DE72A4FD7}"
EndProject
Project("{FAE04EC0-301F-11D3-BF4B-00C04F79EFBC}") = "Unity.ShaderGraph.Utilities", "Unity.ShaderGraph.Utilities.csproj", "{FBECAD79-79D0-44F6-4329-FBC5365A9B0A}"
EndProject
Project("{FAE04EC0-301F-11D3-BF4B-00C04F79EFBC}") = "Unity.XR.OpenXR.Features.OculusQuestSupport.Editor", "Unity.XR.OpenXR.Features.OculusQuestSupport.Editor.csproj", "{2ED0390D-6E10-B0C0-2E78-DF662B32727F}"
EndProject
Global
	GlobalSection(SolutionConfigurationPlatforms) = preSolution
		Debug|Any CPU = Debug|Any CPU
		Release|Any CPU = Release|Any CPU
	EndGlobalSection
	GlobalSection(ProjectConfigurationPlatforms) = postSolution
		{3FC30BA1-D3A8-A801-F688-8EBBF28DEF7A}.Debug|Any CPU.ActiveCfg = Debug|Any CPU
		{3FC30BA1-D3A8-A801-F688-8EBBF28DEF7A}.Debug|Any CPU.Build.0 = Debug|Any CPU
		{3FC30BA1-D3A8-A801-F688-8EBBF28DEF7A}.Release|Any CPU.ActiveCfg = Release|Any CPU
		{3FC30BA1-D3A8-A801-F688-8EBBF28DEF7A}.Release|Any CPU.Build.0 = Release|Any CPU
		{6116B248-C341-1E58-591E-BBD793973BAD}.Debug|Any CPU.ActiveCfg = Debug|Any CPU
		{6116B248-C341-1E58-591E-BBD793973BAD}.Debug|Any CPU.Build.0 = Debug|Any CPU
		{6116B248-C341-1E58-591E-BBD793973BAD}.Release|Any CPU.ActiveCfg = Release|Any CPU
		{6116B248-C341-1E58-591E-BBD793973BAD}.Release|Any CPU.Build.0 = Release|Any CPU
		{D04ED1CB-7FE3-54EE-1562-BBA4C5113D0B}.Debug|Any CPU.ActiveCfg = Debug|Any CPU
		{D04ED1CB-7FE3-54EE-1562-BBA4C5113D0B}.Debug|Any CPU.Build.0 = Debug|Any CPU
		{D04ED1CB-7FE3-54EE-1562-BBA4C5113D0B}.Release|Any CPU.ActiveCfg = Release|Any CPU
		{D04ED1CB-7FE3-54EE-1562-BBA4C5113D0B}.Release|Any CPU.Build.0 = Release|Any CPU
		{3847B154-9186-54CB-83F2-A32DC0C17EB1}.Debug|Any CPU.ActiveCfg = Debug|Any CPU
		{3847B154-9186-54CB-83F2-A32DC0C17EB1}.Debug|Any CPU.Build.0 = Debug|Any CPU
		{3847B154-9186-54CB-83F2-A32DC0C17EB1}.Release|Any CPU.ActiveCfg = Release|Any CPU
		{3847B154-9186-54CB-83F2-A32DC0C17EB1}.Release|Any CPU.Build.0 = Release|Any CPU
		{F7D248CE-A81C-7A85-A58A-C608EA538C6D}.Debug|Any CPU.ActiveCfg = Debug|Any CPU
		{F7D248CE-A81C-7A85-A58A-C608EA538C6D}.Debug|Any CPU.Build.0 = Debug|Any CPU
		{F7D248CE-A81C-7A85-A58A-C608EA538C6D}.Release|Any CPU.ActiveCfg = Release|Any CPU
		{F7D248CE-A81C-7A85-A58A-C608EA538C6D}.Release|Any CPU.Build.0 = Release|Any CPU
		{BF996CF1-D189-244F-E254-4A7914898263}.Debug|Any CPU.ActiveCfg = Debug|Any CPU
		{BF996CF1-D189-244F-E254-4A7914898263}.Debug|Any CPU.Build.0 = Debug|Any CPU
		{BF996CF1-D189-244F-E254-4A7914898263}.Release|Any CPU.ActiveCfg = Release|Any CPU
		{BF996CF1-D189-244F-E254-4A7914898263}.Release|Any CPU.Build.0 = Release|Any CPU
		{2AC4A997-3467-F674-432F-FFB6FD757968}.Debug|Any CPU.ActiveCfg = Debug|Any CPU
		{2AC4A997-3467-F674-432F-FFB6FD757968}.Debug|Any CPU.Build.0 = Debug|Any CPU
		{2AC4A997-3467-F674-432F-FFB6FD757968}.Release|Any CPU.ActiveCfg = Release|Any CPU
		{2AC4A997-3467-F674-432F-FFB6FD757968}.Release|Any CPU.Build.0 = Release|Any CPU
		{99ABDC05-B7E6-5DE9-818D-357B331B8B17}.Debug|Any CPU.ActiveCfg = Debug|Any CPU
		{99ABDC05-B7E6-5DE9-818D-357B331B8B17}.Debug|Any CPU.Build.0 = Debug|Any CPU
		{99ABDC05-B7E6-5DE9-818D-357B331B8B17}.Release|Any CPU.ActiveCfg = Release|Any CPU
		{99ABDC05-B7E6-5DE9-818D-357B331B8B17}.Release|Any CPU.Build.0 = Release|Any CPU
		{20F105B8-9A3F-832C-2AC6-C8674D235BB8}.Debug|Any CPU.ActiveCfg = Debug|Any CPU
		{20F105B8-9A3F-832C-2AC6-C8674D235BB8}.Debug|Any CPU.Build.0 = Debug|Any CPU
		{20F105B8-9A3F-832C-2AC6-C8674D235BB8}.Release|Any CPU.ActiveCfg = Release|Any CPU
		{20F105B8-9A3F-832C-2AC6-C8674D235BB8}.Release|Any CPU.Build.0 = Release|Any CPU
		{7B076E34-9DA7-DEEB-F7C9-9F052324C0C2}.Debug|Any CPU.ActiveCfg = Debug|Any CPU
		{7B076E34-9DA7-DEEB-F7C9-9F052324C0C2}.Debug|Any CPU.Build.0 = Debug|Any CPU
		{7B076E34-9DA7-DEEB-F7C9-9F052324C0C2}.Release|Any CPU.ActiveCfg = Release|Any CPU
		{7B076E34-9DA7-DEEB-F7C9-9F052324C0C2}.Release|Any CPU.Build.0 = Release|Any CPU
		{A8FD74CF-A381-6E97-7464-CC187D09DE61}.Debug|Any CPU.ActiveCfg = Debug|Any CPU
		{A8FD74CF-A381-6E97-7464-CC187D09DE61}.Debug|Any CPU.Build.0 = Debug|Any CPU
		{A8FD74CF-A381-6E97-7464-CC187D09DE61}.Release|Any CPU.ActiveCfg = Release|Any CPU
		{A8FD74CF-A381-6E97-7464-CC187D09DE61}.Release|Any CPU.Build.0 = Release|Any CPU
		{98735449-CBC2-C2BF-E1BB-ED26C5CBFFD4}.Debug|Any CPU.ActiveCfg = Debug|Any CPU
		{98735449-CBC2-C2BF-E1BB-ED26C5CBFFD4}.Debug|Any CPU.Build.0 = Debug|Any CPU
		{98735449-CBC2-C2BF-E1BB-ED26C5CBFFD4}.Release|Any CPU.ActiveCfg = Release|Any CPU
		{98735449-CBC2-C2BF-E1BB-ED26C5CBFFD4}.Release|Any CPU.Build.0 = Release|Any CPU
		{66C379FC-4A0E-F3EE-9A11-19191B7F6C89}.Debug|Any CPU.ActiveCfg = Debug|Any CPU
		{66C379FC-4A0E-F3EE-9A11-19191B7F6C89}.Debug|Any CPU.Build.0 = Debug|Any CPU
		{66C379FC-4A0E-F3EE-9A11-19191B7F6C89}.Release|Any CPU.ActiveCfg = Release|Any CPU
		{66C379FC-4A0E-F3EE-9A11-19191B7F6C89}.Release|Any CPU.Build.0 = Release|Any CPU
		{61783B6A-F417-6C54-92A5-0CE395226F0B}.Debug|Any CPU.ActiveCfg = Debug|Any CPU
		{61783B6A-F417-6C54-92A5-0CE395226F0B}.Debug|Any CPU.Build.0 = Debug|Any CPU
		{61783B6A-F417-6C54-92A5-0CE395226F0B}.Release|Any CPU.ActiveCfg = Release|Any CPU
		{61783B6A-F417-6C54-92A5-0CE395226F0B}.Release|Any CPU.Build.0 = Release|Any CPU
		{DF7A8DE3-9C2D-BA90-7CB8-9D1D236272DF}.Debug|Any CPU.ActiveCfg = Debug|Any CPU
		{DF7A8DE3-9C2D-BA90-7CB8-9D1D236272DF}.Debug|Any CPU.Build.0 = Debug|Any CPU
		{DF7A8DE3-9C2D-BA90-7CB8-9D1D236272DF}.Release|Any CPU.ActiveCfg = Release|Any CPU
		{DF7A8DE3-9C2D-BA90-7CB8-9D1D236272DF}.Release|Any CPU.Build.0 = Release|Any CPU
		{BE80DAB5-E5FF-DFFC-FF7A-05BF6D2B1AF3}.Debug|Any CPU.ActiveCfg = Debug|Any CPU
		{BE80DAB5-E5FF-DFFC-FF7A-05BF6D2B1AF3}.Debug|Any CPU.Build.0 = Debug|Any CPU
		{BE80DAB5-E5FF-DFFC-FF7A-05BF6D2B1AF3}.Release|Any CPU.ActiveCfg = Release|Any CPU
		{BE80DAB5-E5FF-DFFC-FF7A-05BF6D2B1AF3}.Release|Any CPU.Build.0 = Release|Any CPU
		{46EC957B-FCD6-DCC8-69C2-0C895DA867C5}.Debug|Any CPU.ActiveCfg = Debug|Any CPU
		{46EC957B-FCD6-DCC8-69C2-0C895DA867C5}.Debug|Any CPU.Build.0 = Debug|Any CPU
		{46EC957B-FCD6-DCC8-69C2-0C895DA867C5}.Release|Any CPU.ActiveCfg = Release|Any CPU
		{46EC957B-FCD6-DCC8-69C2-0C895DA867C5}.Release|Any CPU.Build.0 = Release|Any CPU
		{F92D0394-058D-9F06-AAA3-8AC7B22B90CB}.Debug|Any CPU.ActiveCfg = Debug|Any CPU
		{F92D0394-058D-9F06-AAA3-8AC7B22B90CB}.Debug|Any CPU.Build.0 = Debug|Any CPU
		{F92D0394-058D-9F06-AAA3-8AC7B22B90CB}.Release|Any CPU.ActiveCfg = Release|Any CPU
		{F92D0394-058D-9F06-AAA3-8AC7B22B90CB}.Release|Any CPU.Build.0 = Release|Any CPU
		{9C2C4AE4-AC39-F3EF-80AC-7D25BA45C0E5}.Debug|Any CPU.ActiveCfg = Debug|Any CPU
		{9C2C4AE4-AC39-F3EF-80AC-7D25BA45C0E5}.Debug|Any CPU.Build.0 = Debug|Any CPU
		{9C2C4AE4-AC39-F3EF-80AC-7D25BA45C0E5}.Release|Any CPU.ActiveCfg = Release|Any CPU
		{9C2C4AE4-AC39-F3EF-80AC-7D25BA45C0E5}.Release|Any CPU.Build.0 = Release|Any CPU
		{2CEDF56F-5B88-4D8D-1279-9925D200CC6F}.Debug|Any CPU.ActiveCfg = Debug|Any CPU
		{2CEDF56F-5B88-4D8D-1279-9925D200CC6F}.Debug|Any CPU.Build.0 = Debug|Any CPU
		{2CEDF56F-5B88-4D8D-1279-9925D200CC6F}.Release|Any CPU.ActiveCfg = Release|Any CPU
		{2CEDF56F-5B88-4D8D-1279-9925D200CC6F}.Release|Any CPU.Build.0 = Release|Any CPU
		{DAB66597-4CA9-AD66-5143-4832A4FD3535}.Debug|Any CPU.ActiveCfg = Debug|Any CPU
		{DAB66597-4CA9-AD66-5143-4832A4FD3535}.Debug|Any CPU.Build.0 = Debug|Any CPU
		{DAB66597-4CA9-AD66-5143-4832A4FD3535}.Release|Any CPU.ActiveCfg = Release|Any CPU
		{DAB66597-4CA9-AD66-5143-4832A4FD3535}.Release|Any CPU.Build.0 = Release|Any CPU
		{5E8D7ADC-20C1-ECB7-0DF5-A4CB1E3BEC5D}.Debug|Any CPU.ActiveCfg = Debug|Any CPU
		{5E8D7ADC-20C1-ECB7-0DF5-A4CB1E3BEC5D}.Debug|Any CPU.Build.0 = Debug|Any CPU
		{5E8D7ADC-20C1-ECB7-0DF5-A4CB1E3BEC5D}.Release|Any CPU.ActiveCfg = Release|Any CPU
		{5E8D7ADC-20C1-ECB7-0DF5-A4CB1E3BEC5D}.Release|Any CPU.Build.0 = Release|Any CPU
		{EF9B321D-8C47-E5D8-7850-B2DBEB20F1AF}.Debug|Any CPU.ActiveCfg = Debug|Any CPU
		{EF9B321D-8C47-E5D8-7850-B2DBEB20F1AF}.Debug|Any CPU.Build.0 = Debug|Any CPU
		{EF9B321D-8C47-E5D8-7850-B2DBEB20F1AF}.Release|Any CPU.ActiveCfg = Release|Any CPU
		{EF9B321D-8C47-E5D8-7850-B2DBEB20F1AF}.Release|Any CPU.Build.0 = Release|Any CPU
		{182FD343-FBA6-008F-7D36-04F086CAA59F}.Debug|Any CPU.ActiveCfg = Debug|Any CPU
		{182FD343-FBA6-008F-7D36-04F086CAA59F}.Debug|Any CPU.Build.0 = Debug|Any CPU
		{182FD343-FBA6-008F-7D36-04F086CAA59F}.Release|Any CPU.ActiveCfg = Release|Any CPU
		{182FD343-FBA6-008F-7D36-04F086CAA59F}.Release|Any CPU.Build.0 = Release|Any CPU
		{DC31E110-0F08-0403-F477-7B11D278E509}.Debug|Any CPU.ActiveCfg = Debug|Any CPU
		{DC31E110-0F08-0403-F477-7B11D278E509}.Debug|Any CPU.Build.0 = Debug|Any CPU
		{DC31E110-0F08-0403-F477-7B11D278E509}.Release|Any CPU.ActiveCfg = Release|Any CPU
		{DC31E110-0F08-0403-F477-7B11D278E509}.Release|Any CPU.Build.0 = Release|Any CPU
		{75E85A66-4B19-4C6E-4E55-FFCA0B4C467F}.Debug|Any CPU.ActiveCfg = Debug|Any CPU
		{75E85A66-4B19-4C6E-4E55-FFCA0B4C467F}.Debug|Any CPU.Build.0 = Debug|Any CPU
		{75E85A66-4B19-4C6E-4E55-FFCA0B4C467F}.Release|Any CPU.ActiveCfg = Release|Any CPU
		{75E85A66-4B19-4C6E-4E55-FFCA0B4C467F}.Release|Any CPU.Build.0 = Release|Any CPU
		{18E667DA-E363-EB95-D251-B97942DFD8A1}.Debug|Any CPU.ActiveCfg = Debug|Any CPU
		{18E667DA-E363-EB95-D251-B97942DFD8A1}.Debug|Any CPU.Build.0 = Debug|Any CPU
		{18E667DA-E363-EB95-D251-B97942DFD8A1}.Release|Any CPU.ActiveCfg = Release|Any CPU
		{18E667DA-E363-EB95-D251-B97942DFD8A1}.Release|Any CPU.Build.0 = Release|Any CPU
		{B13E8077-380E-9BBA-F8E6-B735639DF82E}.Debug|Any CPU.ActiveCfg = Debug|Any CPU
		{B13E8077-380E-9BBA-F8E6-B735639DF82E}.Debug|Any CPU.Build.0 = Debug|Any CPU
		{B13E8077-380E-9BBA-F8E6-B735639DF82E}.Release|Any CPU.ActiveCfg = Release|Any CPU
		{B13E8077-380E-9BBA-F8E6-B735639DF82E}.Release|Any CPU.Build.0 = Release|Any CPU
		{69BCF87D-8EAB-0474-60E2-94180942B33E}.Debug|Any CPU.ActiveCfg = Debug|Any CPU
		{69BCF87D-8EAB-0474-60E2-94180942B33E}.Debug|Any CPU.Build.0 = Debug|Any CPU
		{69BCF87D-8EAB-0474-60E2-94180942B33E}.Release|Any CPU.ActiveCfg = Release|Any CPU
		{69BCF87D-8EAB-0474-60E2-94180942B33E}.Release|Any CPU.Build.0 = Release|Any CPU
		{1427A2AD-1E72-92FC-E8A5-10341C8134FC}.Debug|Any CPU.ActiveCfg = Debug|Any CPU
		{1427A2AD-1E72-92FC-E8A5-10341C8134FC}.Debug|Any CPU.Build.0 = Debug|Any CPU
		{1427A2AD-1E72-92FC-E8A5-10341C8134FC}.Release|Any CPU.ActiveCfg = Release|Any CPU
		{1427A2AD-1E72-92FC-E8A5-10341C8134FC}.Release|Any CPU.Build.0 = Release|Any CPU
		{FD3EA31D-36B5-2096-2B51-1B47B3617AAF}.Debug|Any CPU.ActiveCfg = Debug|Any CPU
		{FD3EA31D-36B5-2096-2B51-1B47B3617AAF}.Debug|Any CPU.Build.0 = Debug|Any CPU
		{FD3EA31D-36B5-2096-2B51-1B47B3617AAF}.Release|Any CPU.ActiveCfg = Release|Any CPU
		{FD3EA31D-36B5-2096-2B51-1B47B3617AAF}.Release|Any CPU.Build.0 = Release|Any CPU
		{744441B5-9832-3091-1E2E-08502F0EDE47}.Debug|Any CPU.ActiveCfg = Debug|Any CPU
		{744441B5-9832-3091-1E2E-08502F0EDE47}.Debug|Any CPU.Build.0 = Debug|Any CPU
		{744441B5-9832-3091-1E2E-08502F0EDE47}.Release|Any CPU.ActiveCfg = Release|Any CPU
		{744441B5-9832-3091-1E2E-08502F0EDE47}.Release|Any CPU.Build.0 = Release|Any CPU
		{923D09BF-BC0C-9D41-A9BC-D36E73870EC4}.Debug|Any CPU.ActiveCfg = Debug|Any CPU
		{923D09BF-BC0C-9D41-A9BC-D36E73870EC4}.Debug|Any CPU.Build.0 = Debug|Any CPU
		{923D09BF-BC0C-9D41-A9BC-D36E73870EC4}.Release|Any CPU.ActiveCfg = Release|Any CPU
		{923D09BF-BC0C-9D41-A9BC-D36E73870EC4}.Release|Any CPU.Build.0 = Release|Any CPU
		{19F30E28-AB53-9B81-A737-5D54CDCDDA6E}.Debug|Any CPU.ActiveCfg = Debug|Any CPU
		{19F30E28-AB53-9B81-A737-5D54CDCDDA6E}.Debug|Any CPU.Build.0 = Debug|Any CPU
		{19F30E28-AB53-9B81-A737-5D54CDCDDA6E}.Release|Any CPU.ActiveCfg = Release|Any CPU
		{19F30E28-AB53-9B81-A737-5D54CDCDDA6E}.Release|Any CPU.Build.0 = Release|Any CPU
		{0B1D8E9C-74A5-560A-11D0-6704A97117F7}.Debug|Any CPU.ActiveCfg = Debug|Any CPU
		{0B1D8E9C-74A5-560A-11D0-6704A97117F7}.Debug|Any CPU.Build.0 = Debug|Any CPU
		{0B1D8E9C-74A5-560A-11D0-6704A97117F7}.Release|Any CPU.ActiveCfg = Release|Any CPU
		{0B1D8E9C-74A5-560A-11D0-6704A97117F7}.Release|Any CPU.Build.0 = Release|Any CPU
		{2C119642-F103-EF04-DB82-132152A7858B}.Debug|Any CPU.ActiveCfg = Debug|Any CPU
		{2C119642-F103-EF04-DB82-132152A7858B}.Debug|Any CPU.Build.0 = Debug|Any CPU
		{2C119642-F103-EF04-DB82-132152A7858B}.Release|Any CPU.ActiveCfg = Release|Any CPU
		{2C119642-F103-EF04-DB82-132152A7858B}.Release|Any CPU.Build.0 = Release|Any CPU
		{F0BDB600-DA3D-6260-245C-92AD67CC54C6}.Debug|Any CPU.ActiveCfg = Debug|Any CPU
		{F0BDB600-DA3D-6260-245C-92AD67CC54C6}.Debug|Any CPU.Build.0 = Debug|Any CPU
		{F0BDB600-DA3D-6260-245C-92AD67CC54C6}.Release|Any CPU.ActiveCfg = Release|Any CPU
		{F0BDB600-DA3D-6260-245C-92AD67CC54C6}.Release|Any CPU.Build.0 = Release|Any CPU
		{805EC22A-4B08-1AE8-E8B6-7768471B1D0E}.Debug|Any CPU.ActiveCfg = Debug|Any CPU
		{805EC22A-4B08-1AE8-E8B6-7768471B1D0E}.Debug|Any CPU.Build.0 = Debug|Any CPU
		{805EC22A-4B08-1AE8-E8B6-7768471B1D0E}.Release|Any CPU.ActiveCfg = Release|Any CPU
		{805EC22A-4B08-1AE8-E8B6-7768471B1D0E}.Release|Any CPU.Build.0 = Release|Any CPU
		{7542956D-5A91-52B2-37B2-A5D95D02F64A}.Debug|Any CPU.ActiveCfg = Debug|Any CPU
		{7542956D-5A91-52B2-37B2-A5D95D02F64A}.Debug|Any CPU.Build.0 = Debug|Any CPU
		{7542956D-5A91-52B2-37B2-A5D95D02F64A}.Release|Any CPU.ActiveCfg = Release|Any CPU
		{7542956D-5A91-52B2-37B2-A5D95D02F64A}.Release|Any CPU.Build.0 = Release|Any CPU
		{4B6BC97D-ED3D-CB99-ADB9-58E8F6E2C22F}.Debug|Any CPU.ActiveCfg = Debug|Any CPU
		{4B6BC97D-ED3D-CB99-ADB9-58E8F6E2C22F}.Debug|Any CPU.Build.0 = Debug|Any CPU
		{4B6BC97D-ED3D-CB99-ADB9-58E8F6E2C22F}.Release|Any CPU.ActiveCfg = Release|Any CPU
		{4B6BC97D-ED3D-CB99-ADB9-58E8F6E2C22F}.Release|Any CPU.Build.0 = Release|Any CPU
		{972A1BA8-9EA4-3339-921E-F33CF8DF0BCD}.Debug|Any CPU.ActiveCfg = Debug|Any CPU
		{972A1BA8-9EA4-3339-921E-F33CF8DF0BCD}.Debug|Any CPU.Build.0 = Debug|Any CPU
		{972A1BA8-9EA4-3339-921E-F33CF8DF0BCD}.Release|Any CPU.ActiveCfg = Release|Any CPU
		{972A1BA8-9EA4-3339-921E-F33CF8DF0BCD}.Release|Any CPU.Build.0 = Release|Any CPU
		{64F875FE-58CA-07A3-DA41-9DF6D1A52B33}.Debug|Any CPU.ActiveCfg = Debug|Any CPU
		{64F875FE-58CA-07A3-DA41-9DF6D1A52B33}.Debug|Any CPU.Build.0 = Debug|Any CPU
		{64F875FE-58CA-07A3-DA41-9DF6D1A52B33}.Release|Any CPU.ActiveCfg = Release|Any CPU
		{64F875FE-58CA-07A3-DA41-9DF6D1A52B33}.Release|Any CPU.Build.0 = Release|Any CPU
		{BB2F73B0-3235-6A38-0C6B-1A5637A6C6F6}.Debug|Any CPU.ActiveCfg = Debug|Any CPU
		{BB2F73B0-3235-6A38-0C6B-1A5637A6C6F6}.Debug|Any CPU.Build.0 = Debug|Any CPU
		{BB2F73B0-3235-6A38-0C6B-1A5637A6C6F6}.Release|Any CPU.ActiveCfg = Release|Any CPU
		{BB2F73B0-3235-6A38-0C6B-1A5637A6C6F6}.Release|Any CPU.Build.0 = Release|Any CPU
		{9A328FA5-DE9F-3CD8-E7A2-0A1DE72A4FD7}.Debug|Any CPU.ActiveCfg = Debug|Any CPU
		{9A328FA5-DE9F-3CD8-E7A2-0A1DE72A4FD7}.Debug|Any CPU.Build.0 = Debug|Any CPU
		{9A328FA5-DE9F-3CD8-E7A2-0A1DE72A4FD7}.Release|Any CPU.ActiveCfg = Release|Any CPU
		{9A328FA5-DE9F-3CD8-E7A2-0A1DE72A4FD7}.Release|Any CPU.Build.0 = Release|Any CPU
		{FBECAD79-79D0-44F6-4329-FBC5365A9B0A}.Debug|Any CPU.ActiveCfg = Debug|Any CPU
		{FBECAD79-79D0-44F6-4329-FBC5365A9B0A}.Debug|Any CPU.Build.0 = Debug|Any CPU
		{FBECAD79-79D0-44F6-4329-FBC5365A9B0A}.Release|Any CPU.ActiveCfg = Release|Any CPU
		{FBECAD79-79D0-44F6-4329-FBC5365A9B0A}.Release|Any CPU.Build.0 = Release|Any CPU
		{2ED0390D-6E10-B0C0-2E78-DF662B32727F}.Debug|Any CPU.ActiveCfg = Debug|Any CPU
		{2ED0390D-6E10-B0C0-2E78-DF662B32727F}.Debug|Any CPU.Build.0 = Debug|Any CPU
		{2ED0390D-6E10-B0C0-2E78-DF662B32727F}.Release|Any CPU.ActiveCfg = Release|Any CPU
		{2ED0390D-6E10-B0C0-2E78-DF662B32727F}.Release|Any CPU.Build.0 = Release|Any CPU
	EndGlobalSection
	GlobalSection(SolutionProperties) = preSolution
		HideSolutionNode = FALSE
	EndGlobalSection
EndGlobal
